
Microsoft Visual Studio Solution File, Format Version 12.00
# Visual Studio Version 16
VisualStudioVersion = 16.0.29230.47
MinimumVisualStudioVersion = 10.0.40219.1
Project("{FAE04EC0-301F-11D3-BF4B-00C04F79EFBC}") = "TrabajoPracticoFinal", "TrabajoPracticoFinal\TrabajoPracticoFinal.csproj", "{A42022EC-F701-4FA9-8A33-8E9147DB20D0}"
EndProject
Global
	GlobalSection(SolutionConfigurationPlatforms) = preSolution
		Debug|Any CPU = Debug|Any CPU
		Release|Any CPU = Release|Any CPU
	EndGlobalSection
	GlobalSection(ProjectConfigurationPlatforms) = postSolution
		{A42022EC-F701-4FA9-8A33-8E9147DB20D0}.Debug|Any CPU.ActiveCfg = Debug|Any CPU
		{A42022EC-F701-4FA9-8A33-8E9147DB20D0}.Debug|Any CPU.Build.0 = Debug|Any CPU
		{A42022EC-F701-4FA9-8A33-8E9147DB20D0}.Release|Any CPU.ActiveCfg = Release|Any CPU
		{A42022EC-F701-4FA9-8A33-8E9147DB20D0}.Release|Any CPU.Build.0 = Release|Any CPU
	EndGlobalSection
	GlobalSection(SolutionProperties) = preSolution
		HideSolutionNode = FALSE
	EndGlobalSection
	GlobalSection(ExtensibilityGlobals) = postSolution
		SolutionGuid = {931A2595-B565-4EA0-93D8-015652FC72ED}
	EndGlobalSection
EndGlobal
